dependencies:
- name: common
  repository: oci://registry-1.docker.io/bitnamicharts
  version: 2.20.0
- name: postgresql
  repository: oci://registry-1.docker.io/bitnamicharts
  version: 15.5.2
- name: mosquitto
  repository: file://../mosquitto
  version: 1.0.0
- name: netmaker-dashboard
  repository: file://../netmaker-dashboard
  version: 1.0.0
digest: sha256:77819ad441fb91bc0c27259977385c4491bbc7310818633d27db979452fb0f8b
generated: "2024-06-06T10:52:17.528832402+08:00"
