dependencies:
- name: common
  repository: oci://1ms.run/bitnamicharts
  version: 2.38.0
- name: rocketmq-dashboard
  repository: file://../rocketmq-dashboard
  version: 1.0.5
digest: sha256:4300a4a196dbcb63b0b6d1e26e21a4646ac4460f1dd46f8ff410a85d59c2eb7f
generated: "2026-04-30T11:36:29.180068463+08:00"
