dependencies:
- name: common
  repository: oci://registry-1.docker.io/bitnamicharts
  version: 2.20.0
- name: rocketmq-dashboard
  repository: file://../rocketmq-dashboard
  version: 1.0.2
digest: sha256:5025c8a51a8611cd1f227a9e42fe30b5d1d54bab6b8b32241747ab86e21a7ade
generated: "2024-06-06T10:52:29.170329799+08:00"
